// !$*UTF8*$!
{
	archiveVersion = 1;
	classes = {
	};
	objectVersion = 50;
	objects = {

/* Begin PBXBuildFile section */
		F836A63A25E4F54F001F5866 /* BroadcomVSC.h in Headers */ = {isa = PBXBuildFile; fileRef = F836A63925E4F54F001F5866 /* BroadcomVSC.h */; };
		F8653E4A25D7F8790026507F /* IntelBluetoothHostController.hpp in Headers */ = {isa = PBXBuildFile; fileRef = F8653E4925D7F8790026507F /* IntelBluetoothHostController.hpp */; };
		F8653E4C25D7F8790026507F /* IntelBluetoothHostController.cpp in Sources */ = {isa = PBXBuildFile; fileRef = F8653E4B25D7F8790026507F /* IntelBluetoothHostController.cpp */; };
		F8653E5525D7F9B40026507F /* IOBluetoothHostController.h in Headers */ = {isa = PBXBuildFile; fileRef = F8653E5425D7F9B40026507F /* IOBluetoothHostController.h */; };
		F8653E5825D7FA090026507F /* IOBluetoothHostControllerUSBTransport.h in Headers */ = {isa = PBXBuildFile; fileRef = F8653E5725D7FA090026507F /* IOBluetoothHostControllerUSBTransport.h */; };
		F8653E5C25D811320026507F /* IOBluetoothHostControllerTransport.h in Headers */ = {isa = PBXBuildFile; fileRef = F8653E5B25D811320026507F /* IOBluetoothHostControllerTransport.h */; };
/* End PBXBuildFile section */

/* Begin PBXFileReference section */
		F836A63925E4F54F001F5866 /* BroadcomVSC.h */ = {isa = PBXFileReference; lastKnownFileType = sourcecode.c.h; path = BroadcomVSC.h; sourceTree = "<group>"; };
		F8653E4625D7F8790026507F /* IntelBluetoothHostController.kext */ = {isa = PBXFileReference; explicitFileType = wrapper.cfbundle; includeInIndex = 0; path = IntelBluetoothHostController.kext; sourceTree = BUILT_PRODUCTS_DIR; };
		F8653E4925D7F8790026507F /* IntelBluetoothHostController.hpp */ = {isa = PBXFileReference; lastKnownFileType = sourcecode.cpp.h; path = IntelBluetoothHostController.hpp; sourceTree = "<group>"; };
		F8653E4B25D7F8790026507F /* IntelBluetoothHostController.cpp */ = {isa = PBXFileReference; lastKnownFileType = sourcecode.cpp.cpp; path = IntelBluetoothHostController.cpp; sourceTree = "<group>"; };
		F8653E4D25D7F8790026507F /* Info.plist */ = {isa = PBXFileReference; lastKnownFileType = text.plist.xml; path = Info.plist; sourceTree = "<group>"; };
		F8653E5425D7F9B40026507F /* IOBluetoothHostController.h */ = {isa = PBXFileReference; lastKnownFileType = sourcecode.c.h; path = IOBluetoothHostController.h; sourceTree = "<group>"; };
		F8653E5725D7FA090026507F /* IOBluetoothHostControllerUSBTransport.h */ = {isa = PBXFileReference; lastKnownFileType = sourcecode.c.h; path = IOBluetoothHostControllerUSBTransport.h; sourceTree = "<group>"; };
		F8653E5B25D811320026507F /* IOBluetoothHostControllerTransport.h */ = {isa = PBXFileReference; lastKnownFileType = sourcecode.c.h; path = IOBluetoothHostControllerTransport.h; sourceTree = "<group>"; };
/* End PBXFileReference section */

/* Begin PBXFrameworksBuildPhase section */
		F8653E4325D7F8790026507F /* Frameworks */ = {
			isa = PBXFrameworksBuildPhase;
			buildActionMask = 2147483647;
			files = (
			);
			runOnlyForDeploymentPostprocessing = 0;
		};
/* End PBXFrameworksBuildPhase section */

/* Begin PBXGroup section */
		F8653E3C25D7F8790026507F = {
			isa = PBXGroup;
			children = (
				F8653E4825D7F8790026507F /* IntelBluetoothHostController */,
				F8653E4725D7F8790026507F /* Products */,
			);
			sourceTree = "<group>";
		};
		F8653E4725D7F8790026507F /* Products */ = {
			isa = PBXGroup;
			children = (
				F8653E4625D7F8790026507F /* IntelBluetoothHostController.kext */,
			);
			name = Products;
			sourceTree = "<group>";
		};
		F8653E4825D7F8790026507F /* IntelBluetoothHostController */ = {
			isa = PBXGroup;
			children = (
				F8653E4925D7F8790026507F /* IntelBluetoothHostController.hpp */,
				F8653E4B25D7F8790026507F /* IntelBluetoothHostController.cpp */,
				F8653E4D25D7F8790026507F /* Info.plist */,
				F8653E5425D7F9B40026507F /* IOBluetoothHostController.h */,
				F8653E5725D7FA090026507F /* IOBluetoothHostControllerUSBTransport.h */,
				F8653E5B25D811320026507F /* IOBluetoothHostControllerTransport.h */,
				F836A63925E4F54F001F5866 /* BroadcomVSC.h */,
			);
			path = IntelBluetoothHostController;
			sourceTree = "<group>";
		};
/* End PBXGroup section */

/* Begin PBXHeadersBuildPhase section */
		F8653E4125D7F8790026507F /* Headers */ = {
			isa = PBXHeadersBuildPhase;
			buildActionMask = 2147483647;
			files = (
				F8653E5825D7FA090026507F /* IOBluetoothHostControllerUSBTransport.h in Headers */,
				F836A63A25E4F54F001F5866 /* BroadcomVSC.h in Headers */,
				F8653E4A25D7F8790026507F /* IntelBluetoothHostController.hpp in Headers */,
				F8653E5525D7F9B40026507F /* IOBluetoothHostController.h in Headers */,
				F8653E5C25D811320026507F /* IOBluetoothHostControllerTransport.h in Headers */,
			);
			runOnlyForDeploymentPostprocessing = 0;
		};
/* End PBXHeadersBuildPhase section */

/* Begin PBXNativeTarget section */
		F8653E4525D7F8790026507F /* IntelBluetoothHostController */ = {
			isa = PBXNativeTarget;
			buildConfigurationList = F8653E5025D7F8790026507F /* Build configuration list for PBXNativeTarget "IntelBluetoothHostController" */;
			buildPhases = (
				F8653E4125D7F8790026507F /* Headers */,
				F8653E4225D7F8790026507F /* Sources */,
				F8653E4325D7F8790026507F /* Frameworks */,
				F8653E4425D7F8790026507F /* Resources */,
			);
			buildRules = (
			);
			dependencies = (
			);
			name = IntelBluetoothHostController;
			productName = IntelBluetoothHostController;
			productReference = F8653E4625D7F8790026507F /* IntelBluetoothHostController.kext */;
			productType = "com.apple.product-type.kernel-extension";
		};
/* End PBXNativeTarget section */

/* Begin PBXProject section */
		F8653E3D25D7F8790026507F /* Project object */ = {
			isa = PBXProject;
			attributes = {
				LastUpgradeCheck = 1240;
				TargetAttributes = {
					F8653E4525D7F8790026507F = {
						CreatedOnToolsVersion = 12.4;
					};
				};
			};
			buildConfigurationList = F8653E4025D7F8790026507F /* Build configuration list for PBXProject "IntelBluetoothHostController" */;
			compatibilityVersion = "Xcode 9.3";
			developmentRegion = en;
			hasScannedForEncodings = 0;
			knownRegions = (
				en,
				Base,
			);
			mainGroup = F8653E3C25D7F8790026507F;
			productRefGroup = F8653E4725D7F8790026507F /* Products */;
			projectDirPath = "";
			projectRoot = "";
			targets = (
				F8653E4525D7F8790026507F /* IntelBluetoothHostController */,
			);
		};
/* End PBXProject section */

/* Begin PBXResourcesBuildPhase section */
		F8653E4425D7F8790026507F /* Resources */ = {
			isa = PBXResourcesBuildPhase;
			buildActionMask = 2147483647;
			files = (
			);
			runOnlyForDeploymentPostprocessing = 0;
		};
/* End PBXResourcesBuildPhase section */

/* Begin PBXSourcesBuildPhase section */
		F8653E4225D7F8790026507F /* Sources */ = {
			isa = PBXSourcesBuildPhase;
			buildActionMask = 2147483647;
			files = (
				F8653E4C25D7F8790026507F /* IntelBluetoothHostController.cpp in Sources */,
			);
			runOnlyForDeploymentPostprocessing = 0;
		};
/* End PBXSourcesBuildPhase section */

/* Begin XCBuildConfiguration section */
		F8653E4E25D7F8790026507F /* Debug */ = {
			isa = XCBuildConfiguration;
			buildSettings = {
				ALWAYS_SEARCH_USER_PATHS = NO;
				CLANG_ANALYZER_NONNULL = YES;
				CLANG_ANALYZER_NUMBER_OBJECT_CONVERSION = YES_AGGRESSIVE;
				CLANG_CXX_LANGUAGE_STANDARD = "gnu++14";
				CLANG_CXX_LIBRARY = "libc++";
				CLANG_ENABLE_MODULES = YES;
				CLANG_ENABLE_OBJC_ARC = YES;
				CLANG_ENABLE_OBJC_WEAK = YES;
				CLANG_WARN_BLOCK_CAPTURE_AUTORELEASING = YES;
				CLANG_WARN_BOOL_CONVERSION = YES;
				CLANG_WARN_COMMA = YES;
				CLANG_WARN_CONSTANT_CONVERSION = YES;
				CLANG_WARN_DEPRECATED_OBJC_IMPLEMENTATIONS = YES;
				CLANG_WARN_DIRECT_OBJC_ISA_USAGE = YES_ERROR;
				CLANG_WARN_DOCUMENTATION_COMMENTS = YES;
				CLANG_WARN_EMPTY_BODY = YES;
				CLANG_WARN_ENUM_CONVERSION = YES;
				CLANG_WARN_INFINITE_RECURSION = YES;
				CLANG_WARN_INT_CONVERSION = YES;
				CLANG_WARN_NON_LITERAL_NULL_CONVERSION = YES;
				CLANG_WARN_OBJC_IMPLICIT_RETAIN_SELF = YES;
				CLANG_WARN_OBJC_LITERAL_CONVERSION = YES;
				CLANG_WARN_OBJC_ROOT_CLASS = YES_ERROR;
				CLANG_WARN_QUOTED_INCLUDE_IN_FRAMEWORK_HEADER = YES;
				CLANG_WARN_RANGE_LOOP_ANALYSIS = YES;
				CLANG_WARN_STRICT_PROTOTYPES = YES;
				CLANG_WARN_SUSPICIOUS_MOVE = YES;
				CLANG_WARN_UNGUARDED_AVAILABILITY = YES_AGGRESSIVE;
				CLANG_WARN_UNREACHABLE_CODE = YES;
				CLANG_WARN__DUPLICATE_METHOD_MATCH = YES;
				COPY_PHASE_STRIP = NO;
				DEBUG_INFORMATION_FORMAT = dwarf;
				ENABLE_STRICT_OBJC_MSGSEND = YES;
				ENABLE_TESTABILITY = YES;
				GCC_C_LANGUAGE_STANDARD = gnu11;
				GCC_DYNAMIC_NO_PIC = NO;
				GCC_NO_COMMON_BLOCKS = YES;
				GCC_OPTIMIZATION_LEVEL = 0;
				GCC_PREPROCESSOR_DEFINITIONS = (
					"DEBUG=1",
					"$(inherited)",
				);
				GCC_WARN_64_TO_32_BIT_CONVERSION = YES;
				GCC_WARN_ABOUT_RETURN_TYPE = YES_ERROR;
				GCC_WARN_UNDECLARED_SELECTOR = YES;
				GCC_WARN_UNINITIALIZED_AUTOS = YES_AGGRESSIVE;
				GCC_WARN_UNUSED_FUNCTION = YES;
				GCC_WARN_UNUSED_VARIABLE = YES;
				MACOSX_DEPLOYMENT_TARGET = 10.15;
				MTL_ENABLE_DEBUG_INFO = INCLUDE_SOURCE;
				MTL_FAST_MATH = YES;
				ONLY_ACTIVE_ARCH = YES;
				SDKROOT = macosx;
			};
			name = Debug;
		};
		F8653E4F25D7F8790026507F /* Release */ = {
			isa = XCBuildConfiguration;
			buildSettings = {
				ALWAYS_SEARCH_USER_PATHS = NO;
				CLANG_ANALYZER_NONNULL = YES;
				CLANG_ANALYZER_NUMBER_OBJECT_CONVERSION = YES_AGGRESSIVE;
				CLANG_CXX_LANGUAGE_STANDARD = "gnu++14";
				CLANG_CXX_LIBRARY = "libc++";
				CLANG_ENABLE_MODULES = YES;
				CLANG_ENABLE_OBJC_ARC = YES;
				CLANG_ENABLE_OBJC_WEAK = YES;
				CLANG_WARN_BLOCK_CAPTURE_AUTORELEASING = YES;
				CLANG_WARN_BOOL_CONVERSION = YES;
				CLANG_WARN_COMMA = YES;
				CLANG_WARN_CONSTANT_CONVERSION = YES;
				CLANG_WARN_DEPRECATED_OBJC_IMPLEMENTATIONS = YES;
				CLANG_WARN_DIRECT_OBJC_ISA_USAGE = YES_ERROR;
				CLANG_WARN_DOCUMENTATION_COMMENTS = YES;
				CLANG_WARN_EMPTY_BODY = YES;
				CLANG_WARN_ENUM_CONVERSION = YES;
				CLANG_WARN_INFINITE_RECURSION = YES;
				CLANG_WARN_INT_CONVERSION = YES;
				CLANG_WARN_NON_LITERAL_NULL_CONVERSION = YES;
				CLANG_WARN_OBJC_IMPLICIT_RETAIN_SELF = YES;
				CLANG_WARN_OBJC_LITERAL_CONVERSION = YES;
				CLANG_WARN_OBJC_ROOT_CLASS = YES_ERROR;
				CLANG_WARN_QUOTED_INCLUDE_IN_FRAMEWORK_HEADER = YES;
				CLANG_WARN_RANGE_LOOP_ANALYSIS = YES;
				CLANG_WARN_STRICT_PROTOTYPES = YES;
				CLANG_WARN_SUSPICIOUS_MOVE = YES;
				CLANG_WARN_UNGUARDED_AVAILABILITY = YES_AGGRESSIVE;
				CLANG_WARN_UNREACHABLE_CODE = YES;
				CLANG_WARN__DUPLICATE_METHOD_MATCH = YES;
				COPY_PHASE_STRIP = NO;
				DEBUG_INFORMATION_FORMAT = "dwarf-with-dsym";
				ENABLE_NS_ASSERTIONS = NO;
				ENABLE_STRICT_OBJC_MSGSEND = YES;
				GCC_C_LANGUAGE_STANDARD = gnu11;
				GCC_NO_COMMON_BLOCKS = YES;
				GCC_WARN_64_TO_32_BIT_CONVERSION = YES;
				GCC_WARN_ABOUT_RETURN_TYPE = YES_ERROR;
				GCC_WARN_UNDECLARED_SELECTOR = YES;
				GCC_WARN_UNINITIALIZED_AUTOS = YES_AGGRESSIVE;
				GCC_WARN_UNUSED_FUNCTION = YES;
				GCC_WARN_UNUSED_VARIABLE = YES;
				MACOSX_DEPLOYMENT_TARGET = 10.15;
				MTL_ENABLE_DEBUG_INFO = NO;
				MTL_FAST_MATH = YES;
				SDKROOT = macosx;
			};
			name = Release;
		};
		F8653E5125D7F8790026507F /* Debug */ = {
			isa = XCBuildConfiguration;
			buildSettings = {
				CLANG_WARN_QUOTED_INCLUDE_IN_FRAMEWORK_HEADER = NO;
				CODE_SIGN_STYLE = Automatic;
				COMBINE_HIDPI_IMAGES = YES;
				CURRENT_PROJECT_VERSION = 1.0.0d1;
				INFOPLIST_FILE = IntelBluetoothHostController/Info.plist;
				MACOSX_DEPLOYMENT_TARGET = 10.15;
				MODULE_NAME = com.zxystd.IntelBluetoothHostController;
				MODULE_VERSION = 1.0.0d1;
				PRODUCT_BUNDLE_IDENTIFIER = com.zxystd.IntelBluetoothHostController;
				PRODUCT_NAME = "$(TARGET_NAME)";
				RUN_CLANG_STATIC_ANALYZER = YES;
				WRAPPER_EXTENSION = kext;
			};
			name = Debug;
		};
		F8653E5225D7F8790026507F /* Release */ = {
			isa = XCBuildConfiguration;
			buildSettings = {
				CLANG_WARN_QUOTED_INCLUDE_IN_FRAMEWORK_HEADER = NO;
				CODE_SIGN_STYLE = Automatic;
				COMBINE_HIDPI_IMAGES = YES;
				CURRENT_PROJECT_VERSION = 1.0.0d1;
				INFOPLIST_FILE = IntelBluetoothHostController/Info.plist;
				MACOSX_DEPLOYMENT_TARGET = 10.15;
				MODULE_NAME = com.zxystd.IntelBluetoothHostController;
				MODULE_VERSION = 1.0.0d1;
				PRODUCT_BUNDLE_IDENTIFIER = com.zxystd.IntelBluetoothHostController;
				PRODUCT_NAME = "$(TARGET_NAME)";
				RUN_CLANG_STATIC_ANALYZER = YES;
				WRAPPER_EXTENSION = kext;
			};
			name = Release;
		};
/* End XCBuildConfiguration section */

/* Begin XCConfigurationList section */
		F8653E4025D7F8790026507F /* Build configuration list for PBXProject "IntelBluetoothHostController" */ = {
			isa = XCConfigurationList;
			buildConfigurations = (
				F8653E4E25D7F8790026507F /* Debug */,
				F8653E4F25D7F8790026507F /* Release */,
			);
			defaultConfigurationIsVisible = 0;
			defaultConfigurationName = Release;
		};
		F8653E5025D7F8790026507F /* Build configuration list for PBXNativeTarget "IntelBluetoothHostController" */ = {
			isa = XCConfigurationList;
			buildConfigurations = (
				F8653E5125D7F8790026507F /* Debug */,
				F8653E5225D7F8790026507F /* Release */,
			);
			defaultConfigurationIsVisible = 0;
			defaultConfigurationName = Release;
		};
/* End XCConfigurationList section */
	};
	rootObject = F8653E3D25D7F8790026507F /* Project object */;
}
